// !$*UTF8*$!
{
	archiveVersion = 1;
	classes = {
	};
	objectVersion = 56;
	objects = {

/* Begin PBXBuildFile section */
		E3AFB28E29CE67F4009A7EFC /* APIService.swift in Sources */ = {isa = PBXBuildFile; fileRef = E3AFB28D29CE67F4009A7EFC /* APIService.swift */; };
		E3AFB29029CE6809009A7EFC /* Route.swift in Sources */ = {isa = PBXBuildFile; fileRef = E3AFB28F29CE6809009A7EFC /* Route.swift */; };
		E3AFB29229CE6818009A7EFC /* Method.swift in Sources */ = {isa = PBXBuildFile; fileRef = E3AFB29129CE6818009A7EFC /* Method.swift */; };
		E3AFB29429CE6827009A7EFC /* AppError.swift in Sources */ = {isa = PBXBuildFile; fileRef = E3AFB29329CE6827009A7EFC /* AppError.swift */; };
		E3AFB29629CE6833009A7EFC /* ApiResponse.swift in Sources */ = {isa = PBXBuildFile; fileRef = E3AFB29529CE6833009A7EFC /* ApiResponse.swift */; };
		E3AFB29929CE6950009A7EFC /* String+Extension.swift in Sources */ = {isa = PBXBuildFile; fileRef = E3AFB29829CE6950009A7EFC /* String+Extension.swift */; };
		E3AFB29B29CE8EE9009A7EFC /* PopUpView.swift in Sources */ = {isa = PBXBuildFile; fileRef = E3AFB29A29CE8EE9009A7EFC /* PopUpView.swift */; };
		E3AFB29D29CEE893009A7EFC /* UIViewController+Extension.swift.swift in Sources */ = {isa = PBXBuildFile; fileRef = E3AFB29C29CEE893009A7EFC /* UIViewController+Extension.swift.swift */; };
		E3B26BC629CDD01400328961 /* AppDelegate.swift in Sources */ = {isa = PBXBuildFile; fileRef = E3B26BC529CDD01400328961 /* AppDelegate.swift */; };
		E3B26BC829CDD01400328961 /* SceneDelegate.swift in Sources */ = {isa = PBXBuildFile; fileRef = E3B26BC729CDD01400328961 /* SceneDelegate.swift */; };
		E3B26BCA29CDD01400328961 /* SearchViewController.swift in Sources */ = {isa = PBXBuildFile; fileRef = E3B26BC929CDD01400328961 /* SearchViewController.swift */; };
		E3B26BCD29CDD01400328961 /* Main.storyboard in Resources */ = {isa = PBXBuildFile; fileRef = E3B26BCB29CDD01400328961 /* Main.storyboard */; };
		E3B26BCF29CDD01700328961 /* Assets.xcassets in Resources */ = {isa = PBXBuildFile; fileRef = E3B26BCE29CDD01700328961 /* Assets.xcassets */; };
		E3B26BD229CDD01700328961 /* LaunchScreen.storyboard in Resources */ = {isa = PBXBuildFile; fileRef = E3B26BD029CDD01700328961 /* LaunchScreen.storyboard */; };
		E3B26BDB29CDE54F00328961 /* FavoriteViewController.swift in Sources */ = {isa = PBXBuildFile; fileRef = E3B26BDA29CDE54F00328961 /* FavoriteViewController.swift */; };
		E3B26BE429CDE8AB00328961 /* TapBarViewController.swift in Sources */ = {isa = PBXBuildFile; fileRef = E3B26BE329CDE8AB00328961 /* TapBarViewController.swift */; };
		E3B26BE629CDF28000328961 /* DetailViewController.swift in Sources */ = {isa = PBXBuildFile; fileRef = E3B26BE529CDF28000328961 /* DetailViewController.swift */; };
		E3B26BEC29CDF6BD00328961 /* SearchResultCell.swift in Sources */ = {isa = PBXBuildFile; fileRef = E3B26BEA29CDF6BD00328961 /* SearchResultCell.swift */; };
		E3B26BED29CDF6BD00328961 /* SearchResultCell.xib in Resources */ = {isa = PBXBuildFile; fileRef = E3B26BEB29CDF6BD00328961 /* SearchResultCell.xib */; };
		E3B26BF229CE002500328961 /* Player.swift in Sources */ = {isa = PBXBuildFile; fileRef = E3B26BF129CE002500328961 /* Player.swift */; };
/* End PBXBuildFile section */

/* Begin PBXFileReference section */
		E3AFB28D29CE67F4009A7EFC /* APIService.swift */ = {isa = PBXFileReference; lastKnownFileType = sourcecode.swift; path = APIService.swift; sourceTree = "<group>"; };
		E3AFB28F29CE6809009A7EFC /* Route.swift */ = {isa = PBXFileReference; lastKnownFileType = sourcecode.swift; path = Route.swift; sourceTree = "<group>"; };
		E3AFB29129CE6818009A7EFC /* Method.swift */ = {isa = PBXFileReference; lastKnownFileType = sourcecode.swift; path = Method.swift; sourceTree = "<group>"; };
		E3AFB29329CE6827009A7EFC /* AppError.swift */ = {isa = PBXFileReference; lastKnownFileType = sourcecode.swift; path = AppError.swift; sourceTree = "<group>"; };
		E3AFB29529CE6833009A7EFC /* ApiResponse.swift */ = {isa = PBXFileReference; lastKnownFileType = sourcecode.swift; path = ApiResponse.swift; sourceTree = "<group>"; };
		E3AFB29829CE6950009A7EFC /* String+Extension.swift */ = {isa = PBXFileReference; lastKnownFileType = sourcecode.swift; path = "String+Extension.swift"; sourceTree = "<group>"; };
		E3AFB29A29CE8EE9009A7EFC /* PopUpView.swift */ = {isa = PBXFileReference; lastKnownFileType = sourcecode.swift; path = PopUpView.swift; sourceTree = "<group>"; };
		E3AFB29C29CEE893009A7EFC /* UIViewController+Extension.swift.swift */ = {isa = PBXFileReference; lastKnownFileType = sourcecode.swift; path = "UIViewController+Extension.swift.swift"; sourceTree = "<group>"; };
		E3B26BC229CDD01400328961 /* TestTask-IT_INNOVATIONS.app */ = {isa = PBXFileReference; explicitFileType = wrapper.application; includeInIndex = 0; path = "TestTask-IT_INNOVATIONS.app"; sourceTree = BUILT_PRODUCTS_DIR; };
		E3B26BC529CDD01400328961 /* AppDelegate.swift */ = {isa = PBXFileReference; lastKnownFileType = sourcecode.swift; path = AppDelegate.swift; sourceTree = "<group>"; };
		E3B26BC729CDD01400328961 /* SceneDelegate.swift */ = {isa = PBXFileReference; lastKnownFileType = sourcecode.swift; path = SceneDelegate.swift; sourceTree = "<group>"; };
		E3B26BC929CDD01400328961 /* SearchViewController.swift */ = {isa = PBXFileReference; lastKnownFileType = sourcecode.swift; path = SearchViewController.swift; sourceTree = "<group>"; };
		E3B26BCC29CDD01400328961 /* Base */ = {isa = PBXFileReference; lastKnownFileType = file.storyboard; name = Base; path = Base.lproj/Main.storyboard; sourceTree = "<group>"; };
		E3B26BCE29CDD01700328961 /* Assets.xcassets */ = {isa = PBXFileReference; lastKnownFileType = folder.assetcatalog; path = Assets.xcassets; sourceTree = "<group>"; };
		E3B26BD129CDD01700328961 /* Base */ = {isa = PBXFileReference; lastKnownFileType = file.storyboard; name = Base; path = Base.lproj/LaunchScreen.storyboard; sourceTree = "<group>"; };
		E3B26BD329CDD01700328961 /* Info.plist */ = {isa = PBXFileReference; lastKnownFileType = text.plist.xml; path = Info.plist; sourceTree = "<group>"; };
		E3B26BDA29CDE54F00328961 /* FavoriteViewController.swift */ = {isa = PBXFileReference; lastKnownFileType = sourcecode.swift; path = FavoriteViewController.swift; sourceTree = "<group>"; };
		E3B26BE329CDE8AB00328961 /* TapBarViewController.swift */ = {isa = PBXFileReference; lastKnownFileType = sourcecode.swift; path = TapBarViewController.swift; sourceTree = "<group>"; };
		E3B26BE529CDF28000328961 /* DetailViewController.swift */ = {isa = PBXFileReference; lastKnownFileType = sourcecode.swift; path = DetailViewController.swift; sourceTree = "<group>"; };
		E3B26BEA29CDF6BD00328961 /* SearchResultCell.swift */ = {isa = PBXFileReference; lastKnownFileType = sourcecode.swift; path = SearchResultCell.swift; sourceTree = "<group>"; };
		E3B26BEB29CDF6BD00328961 /* SearchResultCell.xib */ = {isa = PBXFileReference; lastKnownFileType = file.xib; path = SearchResultCell.xib; sourceTree = "<group>"; };
		E3B26BF129CE002500328961 /* Player.swift */ = {isa = PBXFileReference; lastKnownFileType = sourcecode.swift; path = Player.swift; sourceTree = "<group>"; };
/* End PBXFileReference section */

/* Begin PBXFrameworksBuildPhase section */
		E3B26BBF29CDD01400328961 /* Frameworks */ = {
			isa = PBXFrameworksBuildPhase;
			buildActionMask = 2147483647;
			files = (
			);
			runOnlyForDeploymentPostprocessing = 0;
		};
/* End PBXFrameworksBuildPhase section */

/* Begin PBXGroup section */
		E3AFB29729CE6934009A7EFC /* Extensions */ = {
			isa = PBXGroup;
			children = (
				E3AFB29829CE6950009A7EFC /* String+Extension.swift */,
				E3AFB29C29CEE893009A7EFC /* UIViewController+Extension.swift.swift */,
			);
			path = Extensions;
			sourceTree = "<group>";
		};
		E3B26BB929CDD01400328961 = {
			isa = PBXGroup;
			children = (
				E3B26BC429CDD01400328961 /* TestTask-IT_INNOVATIONS */,
				E3B26BC329CDD01400328961 /* Products */,
			);
			sourceTree = "<group>";
		};
		E3B26BC329CDD01400328961 /* Products */ = {
			isa = PBXGroup;
			children = (
				E3B26BC229CDD01400328961 /* TestTask-IT_INNOVATIONS.app */,
			);
			name = Products;
			sourceTree = "<group>";
		};
		E3B26BC429CDD01400328961 /* TestTask-IT_INNOVATIONS */ = {
			isa = PBXGroup;
			children = (
				E3B26BDE29CDE56700328961 /* Managers */,
				E3B26BDD29CDE55900328961 /* View */,
				E3B26BDC29CDE55200328961 /* Model */,
				E3B26BD929CDE53800328961 /* Controllers */,
				E3B26BC529CDD01400328961 /* AppDelegate.swift */,
				E3B26BC729CDD01400328961 /* SceneDelegate.swift */,
				E3B26BCB29CDD01400328961 /* Main.storyboard */,
				E3B26BCE29CDD01700328961 /* Assets.xcassets */,
				E3B26BD029CDD01700328961 /* LaunchScreen.storyboard */,
				E3B26BD329CDD01700328961 /* Info.plist */,
			);
			path = "TestTask-IT_INNOVATIONS";
			sourceTree = "<group>";
		};
		E3B26BD929CDE53800328961 /* Controllers */ = {
			isa = PBXGroup;
			children = (
				E3B26BC929CDD01400328961 /* SearchViewController.swift */,
				E3B26BDA29CDE54F00328961 /* FavoriteViewController.swift */,
				E3B26BE529CDF28000328961 /* DetailViewController.swift */,
				E3B26BE329CDE8AB00328961 /* TapBarViewController.swift */,
			);
			path = Controllers;
			sourceTree = "<group>";
		};
		E3B26BDC29CDE55200328961 /* Model */ = {
			isa = PBXGroup;
			children = (
				E3B26BF129CE002500328961 /* Player.swift */,
			);
			path = Model;
			sourceTree = "<group>";
		};
		E3B26BDD29CDE55900328961 /* View */ = {
			isa = PBXGroup;
			children = (
				E3B26BE729CDF34700328961 /* SearchResultCell */,
				E3AFB29A29CE8EE9009A7EFC /* PopUpView.swift */,
			);
			path = View;
			sourceTree = "<group>";
		};
		E3B26BDE29CDE56700328961 /* Managers */ = {
			isa = PBXGroup;
			children = (
				E3AFB29729CE6934009A7EFC /* Extensions */,
				E3B26BEE29CDF82A00328961 /* API */,
			);
			path = Managers;
			sourceTree = "<group>";
		};
		E3B26BE729CDF34700328961 /* SearchResultCell */ = {
			isa = PBXGroup;
			children = (
				E3B26BEA29CDF6BD00328961 /* SearchResultCell.swift */,
				E3B26BEB29CDF6BD00328961 /* SearchResultCell.xib */,
			);
			path = SearchResultCell;
			sourceTree = "<group>";
		};
		E3B26BEE29CDF82A00328961 /* API */ = {
			isa = PBXGroup;
			children = (
				E3AFB28D29CE67F4009A7EFC /* APIService.swift */,
				E3AFB28F29CE6809009A7EFC /* Route.swift */,
				E3AFB29129CE6818009A7EFC /* Method.swift */,
				E3AFB29329CE6827009A7EFC /* AppError.swift */,
				E3AFB29529CE6833009A7EFC /* ApiResponse.swift */,
			);
			path = API;
			sourceTree = "<group>";
		};
/* End PBXGroup section */

/* Begin PBXNativeTarget section */
		E3B26BC129CDD01400328961 /* TestTask-IT_INNOVATIONS */ = {
			isa = PBXNativeTarget;
			buildConfigurationList = E3B26BD629CDD01700328961 /* Build configuration list for PBXNativeTarget "TestTask-IT_INNOVATIONS" */;
			buildPhases = (
				E3B26BBE29CDD01400328961 /* Sources */,
				E3B26BBF29CDD01400328961 /* Frameworks */,
				E3B26BC029CDD01400328961 /* Resources */,
			);
			buildRules = (
			);
			dependencies = (
			);
			name = "TestTask-IT_INNOVATIONS";
			productName = "TestTask-IT_INNOVATIONS";
			productReference = E3B26BC229CDD01400328961 /* TestTask-IT_INNOVATIONS.app */;
			productType = "com.apple.product-type.application";
		};
/* End PBXNativeTarget section */

/* Begin PBXProject section */
		E3B26BBA29CDD01400328961 /* Project object */ = {
			isa = PBXProject;
			attributes = {
				BuildIndependentTargetsInParallel = 1;
				LastSwiftUpdateCheck = 1420;
				LastUpgradeCheck = 1420;
				TargetAttributes = {
					E3B26BC129CDD01400328961 = {
						CreatedOnToolsVersion = 14.2;
					};
				};
			};
			buildConfigurationList = E3B26BBD29CDD01400328961 /* Build configuration list for PBXProject "TestTask-IT_INNOVATIONS" */;
			compatibilityVersion = "Xcode 14.0";
			developmentRegion = en;
			hasScannedForEncodings = 0;
			knownRegions = (
				en,
				Base,
			);
			mainGroup = E3B26BB929CDD01400328961;
			productRefGroup = E3B26BC329CDD01400328961 /* Products */;
			projectDirPath = "";
			projectRoot = "";
			targets = (
				E3B26BC129CDD01400328961 /* TestTask-IT_INNOVATIONS */,
			);
		};
/* End PBXProject section */

/* Begin PBXResourcesBuildPhase section */
		E3B26BC029CDD01400328961 /* Resources */ = {
			isa = PBXResourcesBuildPhase;
			buildActionMask = 2147483647;
			files = (
				E3B26BD229CDD01700328961 /* LaunchScreen.storyboard in Resources */,
				E3B26BCF29CDD01700328961 /* Assets.xcassets in Resources */,
				E3B26BED29CDF6BD00328961 /* SearchResultCell.xib in Resources */,
				E3B26BCD29CDD01400328961 /* Main.storyboard in Resources */,
			);
			runOnlyForDeploymentPostprocessing = 0;
		};
/* End PBXResourcesBuildPhase section */

/* Begin PBXSourcesBuildPhase section */
		E3B26BBE29CDD01400328961 /* Sources */ = {
			isa = PBXSourcesBuildPhase;
			buildActionMask = 2147483647;
			files = (
				E3AFB29B29CE8EE9009A7EFC /* PopUpView.swift in Sources */,
				E3B26BCA29CDD01400328961 /* SearchViewController.swift in Sources */,
				E3AFB29429CE6827009A7EFC /* AppError.swift in Sources */,
				E3B26BE429CDE8AB00328961 /* TapBarViewController.swift in Sources */,
				E3AFB29629CE6833009A7EFC /* ApiResponse.swift in Sources */,
				E3AFB29D29CEE893009A7EFC /* UIViewController+Extension.swift.swift in Sources */,
				E3AFB29029CE6809009A7EFC /* Route.swift in Sources */,
				E3B26BC629CDD01400328961 /* AppDelegate.swift in Sources */,
				E3B26BDB29CDE54F00328961 /* FavoriteViewController.swift in Sources */,
				E3B26BC829CDD01400328961 /* SceneDelegate.swift in Sources */,
				E3AFB29929CE6950009A7EFC /* String+Extension.swift in Sources */,
				E3B26BEC29CDF6BD00328961 /* SearchResultCell.swift in Sources */,
				E3B26BF229CE002500328961 /* Player.swift in Sources */,
				E3AFB28E29CE67F4009A7EFC /* APIService.swift in Sources */,
				E3AFB29229CE6818009A7EFC /* Method.swift in Sources */,
				E3B26BE629CDF28000328961 /* DetailViewController.swift in Sources */,
			);
			runOnlyForDeploymentPostprocessing = 0;
		};
/* End PBXSourcesBuildPhase section */

/* Begin PBXVariantGroup section */
		E3B26BCB29CDD01400328961 /* Main.storyboard */ = {
			isa = PBXVariantGroup;
			children = (
				E3B26BCC29CDD01400328961 /* Base */,
			);
			name = Main.storyboard;
			sourceTree = "<group>";
		};
		E3B26BD029CDD01700328961 /* LaunchScreen.storyboard */ = {
			isa = PBXVariantGroup;
			children = (
				E3B26BD129CDD01700328961 /* Base */,
			);
			name = LaunchScreen.storyboard;
			sourceTree = "<group>";
		};
/* End PBXVariantGroup section */

/* Begin XCBuildConfiguration section */
		E3B26BD429CDD01700328961 /* Debug */ = {
			isa = XCBuildConfiguration;
			buildSettings = {
				ALWAYS_SEARCH_USER_PATHS = NO;
				CLANG_ANALYZER_NONNULL = YES;
				CLANG_ANALYZER_NUMBER_OBJECT_CONVERSION = YES_AGGRESSIVE;
				CLANG_CXX_LANGUAGE_STANDARD = "gnu++20";
				CLANG_ENABLE_MODULES = YES;
				CLANG_ENABLE_OBJC_ARC = YES;
				CLANG_ENABLE_OBJC_WEAK = YES;
				CLANG_WARN_BLOCK_CAPTURE_AUTORELEASING = YES;
				CLANG_WARN_BOOL_CONVERSION = YES;
				CLANG_WARN_COMMA = YES;
				CLANG_WARN_CONSTANT_CONVERSION = YES;
				CLANG_WARN_DEPRECATED_OBJC_IMPLEMENTATIONS = YES;
				CLANG_WARN_DIRECT_OBJC_ISA_USAGE = YES_ERROR;
				CLANG_WARN_DOCUMENTATION_COMMENTS = YES;
				CLANG_WARN_EMPTY_BODY = YES;
				CLANG_WARN_ENUM_CONVERSION = YES;
				CLANG_WARN_INFINITE_RECURSION = YES;
				CLANG_WARN_INT_CONVERSION = YES;
				CLANG_WARN_NON_LITERAL_NULL_CONVERSION = YES;
				CLANG_WARN_OBJC_IMPLICIT_RETAIN_SELF = YES;
				CLANG_WARN_OBJC_LITERAL_CONVERSION = YES;
				CLANG_WARN_OBJC_ROOT_CLASS = YES_ERROR;
				CLANG_WARN_QUOTED_INCLUDE_IN_FRAMEWORK_HEADER = YES;
				CLANG_WARN_RANGE_LOOP_ANALYSIS = YES;
				CLANG_WARN_STRICT_PROTOTYPES = YES;
				CLANG_WARN_SUSPICIOUS_MOVE = YES;
				CLANG_WARN_UNGUARDED_AVAILABILITY = YES_AGGRESSIVE;
				CLANG_WARN_UNREACHABLE_CODE = YES;
				CLANG_WARN__DUPLICATE_METHOD_MATCH = YES;
				COPY_PHASE_STRIP = NO;
				DEBUG_INFORMATION_FORMAT = dwarf;
				ENABLE_STRICT_OBJC_MSGSEND = YES;
				ENABLE_TESTABILITY = YES;
				GCC_C_LANGUAGE_STANDARD = gnu11;
				GCC_DYNAMIC_NO_PIC = NO;
				GCC_NO_COMMON_BLOCKS = YES;
				GCC_OPTIMIZATION_LEVEL = 0;
				GCC_PREPROCESSOR_DEFINITIONS = (
					"DEBUG=1",
					"$(inherited)",
				);
				GCC_WARN_64_TO_32_BIT_CONVERSION = YES;
				GCC_WARN_ABOUT_RETURN_TYPE = YES_ERROR;
				GCC_WARN_UNDECLARED_SELECTOR = YES;
				GCC_WARN_UNINITIALIZED_AUTOS = YES_AGGRESSIVE;
				GCC_WARN_UNUSED_FUNCTION = YES;
				GCC_WARN_UNUSED_VARIABLE = YES;
				IPHONEOS_DEPLOYMENT_TARGET = 16.2;
				MTL_ENABLE_DEBUG_INFO = INCLUDE_SOURCE;
				MTL_FAST_MATH = YES;
				ONLY_ACTIVE_ARCH = YES;
				SDKROOT = iphoneos;
				SWIFT_ACTIVE_COMPILATION_CONDITIONS = DEBUG;
				SWIFT_OPTIMIZATION_LEVEL = "-Onone";
			};
			name = Debug;
		};
		E3B26BD529CDD01700328961 /* Release */ = {
			isa = XCBuildConfiguration;
			buildSettings = {
				ALWAYS_SEARCH_USER_PATHS = NO;
				CLANG_ANALYZER_NONNULL = YES;
				CLANG_ANALYZER_NUMBER_OBJECT_CONVERSION = YES_AGGRESSIVE;
				CLANG_CXX_LANGUAGE_STANDARD = "gnu++20";
				CLANG_ENABLE_MODULES = YES;
				CLANG_ENABLE_OBJC_ARC = YES;
				CLANG_ENABLE_OBJC_WEAK = YES;
				CLANG_WARN_BLOCK_CAPTURE_AUTORELEASING = YES;
				CLANG_WARN_BOOL_CONVERSION = YES;
				CLANG_WARN_COMMA = YES;
				CLANG_WARN_CONSTANT_CONVERSION = YES;
				CLANG_WARN_DEPRECATED_OBJC_IMPLEMENTATIONS = YES;
				CLANG_WARN_DIRECT_OBJC_ISA_USAGE = YES_ERROR;
				CLANG_WARN_DOCUMENTATION_COMMENTS = YES;
				CLANG_WARN_EMPTY_BODY = YES;
				CLANG_WARN_ENUM_CONVERSION = YES;
				CLANG_WARN_INFINITE_RECURSION = YES;
				CLANG_WARN_INT_CONVERSION = YES;
				CLANG_WARN_NON_LITERAL_NULL_CONVERSION = YES;
				CLANG_WARN_OBJC_IMPLICIT_RETAIN_SELF = YES;
				CLANG_WARN_OBJC_LITERAL_CONVERSION = YES;
				CLANG_WARN_OBJC_ROOT_CLASS = YES_ERROR;
				CLANG_WARN_QUOTED_INCLUDE_IN_FRAMEWORK_HEADER = YES;
				CLANG_WARN_RANGE_LOOP_ANALYSIS = YES;
				CLANG_WARN_STRICT_PROTOTYPES = YES;
				CLANG_WARN_SUSPICIOUS_MOVE = YES;
				CLANG_WARN_UNGUARDED_AVAILABILITY = YES_AGGRESSIVE;
				CLANG_WARN_UNREACHABLE_CODE = YES;
				CLANG_WARN__DUPLICATE_METHOD_MATCH = YES;
				COPY_PHASE_STRIP = NO;
				DEBUG_INFORMATION_FORMAT = "dwarf-with-dsym";
				ENABLE_NS_ASSERTIONS = NO;
				ENABLE_STRICT_OBJC_MSGSEND = YES;
				GCC_C_LANGUAGE_STANDARD = gnu11;
				GCC_NO_COMMON_BLOCKS = YES;
				GCC_WARN_64_TO_32_BIT_CONVERSION = YES;
				GCC_WARN_ABOUT_RETURN_TYPE = YES_ERROR;
				GCC_WARN_UNDECLARED_SELECTOR = YES;
				GCC_WARN_UNINITIALIZED_AUTOS = YES_AGGRESSIVE;
				GCC_WARN_UNUSED_FUNCTION = YES;
				GCC_WARN_UNUSED_VARIABLE = YES;
				IPHONEOS_DEPLOYMENT_TARGET = 16.2;
				MTL_ENABLE_DEBUG_INFO = NO;
				MTL_FAST_MATH = YES;
				SDKROOT = iphoneos;
				SWIFT_COMPILATION_MODE = wholemodule;
				SWIFT_OPTIMIZATION_LEVEL = "-O";
				VALIDATE_PRODUCT = YES;
			};
			name = Release;
		};
		E3B26BD729CDD01700328961 /* Debug */ = {
			isa = XCBuildConfiguration;
			buildSettings = {
				ASSETCATALOG_COMPILER_APPICON_NAME = AppIcon;
				ASSETCATALOG_COMPILER_GLOBAL_ACCENT_COLOR_NAME = AccentColor;
				CODE_SIGN_STYLE = Automatic;
				CURRENT_PROJECT_VERSION = 1;
				DEVELOPMENT_TEAM = F8PHUAXQLZ;
				GENERATE_INFOPLIST_FILE = YES;
				INFOPLIST_FILE = "TestTask-IT_INNOVATIONS/Info.plist";
				INFOPLIST_KEY_UIApplicationSupportsIndirectInputEvents = YES;
				INFOPLIST_KEY_UILaunchStoryboardName = LaunchScreen;
				INFOPLIST_KEY_UIMainStoryboardFile = Main;
				INFOPLIST_KEY_UISupportedInterfaceOrientations_iPad = "UIInterfaceOrientationPortrait UIInterfaceOrientationPortraitUpsideDown UIInterfaceOrientationLandscapeLeft UIInterfaceOrientationLandscapeRight";
				INFOPLIST_KEY_UISupportedInterfaceOrientations_iPhone = "UIInterfaceOrientationPortrait UIInterfaceOrientationLandscapeLeft UIInterfaceOrientationLandscapeRight";
				LD_RUNPATH_SEARCH_PATHS = (
					"$(inherited)",
					"@executable_path/Frameworks",
				);
				MARKETING_VERSION = 1.0;
				PRODUCT_BUNDLE_IDENTIFIER = "com.khomenKO.TestTask-IT-INNOVATIONS";
				PRODUCT_NAME = "$(TARGET_NAME)";
				SWIFT_EMIT_LOC_STRINGS = YES;
				SWIFT_VERSION = 5.0;
				TARGETED_DEVICE_FAMILY = "1,2";
			};
			name = Debug;
		};
		E3B26BD829CDD01700328961 /* Release */ = {
			isa = XCBuildConfiguration;
			buildSettings = {
				ASSETCATALOG_COMPILER_APPICON_NAME = AppIcon;
				ASSETCATALOG_COMPILER_GLOBAL_ACCENT_COLOR_NAME = AccentColor;
				CODE_SIGN_STYLE = Automatic;
				CURRENT_PROJECT_VERSION = 1;
				DEVELOPMENT_TEAM = F8PHUAXQLZ;
				GENERATE_INFOPLIST_FILE = YES;
				INFOPLIST_FILE = "TestTask-IT_INNOVATIONS/Info.plist";
				INFOPLIST_KEY_UIApplicationSupportsIndirectInputEvents = YES;
				INFOPLIST_KEY_UILaunchStoryboardName = LaunchScreen;
				INFOPLIST_KEY_UIMainStoryboardFile = Main;
				INFOPLIST_KEY_UISupportedInterfaceOrientations_iPad = "UIInterfaceOrientationPortrait UIInterfaceOrientationPortraitUpsideDown UIInterfaceOrientationLandscapeLeft UIInterfaceOrientationLandscapeRight";
				INFOPLIST_KEY_UISupportedInterfaceOrientations_iPhone = "UIInterfaceOrientationPortrait UIInterfaceOrientationLandscapeLeft UIInterfaceOrientationLandscapeRight";
				LD_RUNPATH_SEARCH_PATHS = (
					"$(inherited)",
					"@executable_path/Frameworks",
				);
				MARKETING_VERSION = 1.0;
				PRODUCT_BUNDLE_IDENTIFIER = "com.khomenKO.TestTask-IT-INNOVATIONS";
				PRODUCT_NAME = "$(TARGET_NAME)";
				SWIFT_EMIT_LOC_STRINGS = YES;
				SWIFT_VERSION = 5.0;
				TARGETED_DEVICE_FAMILY = "1,2";
			};
			name = Release;
		};
/* End XCBuildConfiguration section */

/* Begin XCConfigurationList section */
		E3B26BBD29CDD01400328961 /* Build configuration list for PBXProject "TestTask-IT_INNOVATIONS" */ = {
			isa = XCConfigurationList;
			buildConfigurations = (
				E3B26BD429CDD01700328961 /* Debug */,
				E3B26BD529CDD01700328961 /* Release */,
			);
			defaultConfigurationIsVisible = 0;
			defaultConfigurationName = Release;
		};
		E3B26BD629CDD01700328961 /* Build configuration list for PBXNativeTarget "TestTask-IT_INNOVATIONS" */ = {
			isa = XCConfigurationList;
			buildConfigurations = (
				E3B26BD729CDD01700328961 /* Debug */,
				E3B26BD829CDD01700328961 /* Release */,
			);
			defaultConfigurationIsVisible = 0;
			defaultConfigurationName = Release;
		};
/* End XCConfigurationList section */
	};
	rootObject = E3B26BBA29CDD01400328961 /* Project object */;
}
